
Microsoft Visual Studio Solution File, Format Version 12.00
# Visual Studio 15
VisualStudioVersion = 15.0.28307.1145
MinimumVisualStudioVersion = 10.0.40219.1
Project("{FAE04EC0-301F-11D3-BF4B-00C04F79EFBC}") = "WordsAddon", "WordsAddon\WordsAddon.csproj", "{66F442FD-F7DB-45BA-872B-FAE0D4532A46}"
EndProject
Global
	GlobalSection(SolutionConfigurationPlatforms) = preSolution
		Debug|Any CPU = Debug|Any CPU
		Release|Any CPU = Release|Any CPU
	EndGlobalSection
	GlobalSection(ProjectConfigurationPlatforms) = postSolution
		{66F442FD-F7DB-45BA-872B-FAE0D4532A46}.Debug|Any CPU.ActiveCfg = Debug|Any CPU
		{66F442FD-F7DB-45BA-872B-FAE0D4532A46}.Debug|Any CPU.Build.0 = Debug|Any CPU
		{66F442FD-F7DB-45BA-872B-FAE0D4532A46}.Release|Any CPU.ActiveCfg = Release|Any CPU
		{66F442FD-F7DB-45BA-872B-FAE0D4532A46}.Release|Any CPU.Build.0 = Release|Any CPU
	EndGlobalSection
	GlobalSection(SolutionProperties) = preSolution
		HideSolutionNode = FALSE
	EndGlobalSection
	GlobalSection(ExtensibilityGlobals) = postSolution
		SolutionGuid = {3DEC238F-3131-4FB1-8D60-E666D36D5D48}
	EndGlobalSection
EndGlobal
